
Microsoft Visual Studio Solution File, Format Version 12.00
# Visual Studio 15
VisualStudioVersion = 15.0.27130.2036
MinimumVisualStudioVersion = 10.0.40219.1
Project("{FAE04EC0-301F-11D3-BF4B-00C04F79EFBC}") = "AMI_Device", "AMI_Device\AMI_Device.csproj", "{189ADF00-D946-4D6D-AE41-047E0D2DB41D}"
EndProject
Project("{FAE04EC0-301F-11D3-BF4B-00C04F79EFBC}") = "Storage", "Enums\Storage.csproj", "{DEA77FEC-8A00-449E-AB2E-B6AAD165AD01}"
EndProject
Project("{FAE04EC0-301F-11D3-BF4B-00C04F79EFBC}") = "AMI_Agregator", "AMI_Agregator\AMI_Agregator.csproj", "{6EF7FEEF-FE60-40D9-B497-79561E7BDE60}"
EndProject
Project("{FAE04EC0-301F-11D3-BF4B-00C04F79EFBC}") = "AMI_System_Management", "AMI_System_Management\AMI_System_Management.csproj", "{12BB210C-964F-4744-B5AB-01E8238140AF}"
EndProject
Project("{FAE04EC0-301F-11D3-BF4B-00C04F79EFBC}") = "Common", "Common\Common.csproj", "{40502C77-6D82-4AC7-AF95-E12D16C775D1}"
EndProject
Project("{FAE04EC0-301F-11D3-BF4B-00C04F79EFBC}") = "User", "User\User.csproj", "{9EEF4D77-7400-429D-A3B7-C5D66FFFF71D}"
EndProject
Project("{FAE04EC0-301F-11D3-BF4B-00C04F79EFBC}") = "AMI_Device_Test", "AMI_Device_Test\AMI_Device_Test.csproj", "{4A2FDB30-92B6-420E-B2AA-8BFAEF06044B}"
EndProject
Project("{FAE04EC0-301F-11D3-BF4B-00C04F79EFBC}") = "AMI_Agregator_Test", "AMI_Agregator_Test\AMI_Agregator_Test.csproj", "{FADA3321-51CB-4F85-BB85-709B290AD9CE}"
EndProject
Project("{FAE04EC0-301F-11D3-BF4B-00C04F79EFBC}") = "InteractiveDataDisplay.WPF", "DynamicLineChart\InteractiveDataDisplay.WPF.csproj", "{2D34544C-2DF2-4B20-A43A-6C8D2DF3DD82}"
EndProject
Project("{FAE04EC0-301F-11D3-BF4B-00C04F79EFBC}") = "AMI_System_Management_Test", "AMI_System_Management_Test\AMI_System_Management_Test.csproj", "{28ACA960-7CF9-4B76-8D9B-86B78BF974E6}"
EndProject
Global
	GlobalSection(SolutionConfigurationPlatforms) = preSolution
		Debug|Any CPU = Debug|Any CPU
		Release|Any CPU = Release|Any CPU
	EndGlobalSection
	GlobalSection(ProjectConfigurationPlatforms) = postSolution
		{189ADF00-D946-4D6D-AE41-047E0D2DB41D}.Debug|Any CPU.ActiveCfg = Debug|Any CPU
		{189ADF00-D946-4D6D-AE41-047E0D2DB41D}.Debug|Any CPU.Build.0 = Debug|Any CPU
		{189ADF00-D946-4D6D-AE41-047E0D2DB41D}.Release|Any CPU.ActiveCfg = Release|Any CPU
		{189ADF00-D946-4D6D-AE41-047E0D2DB41D}.Release|Any CPU.Build.0 = Release|Any CPU
		{DEA77FEC-8A00-449E-AB2E-B6AAD165AD01}.Debug|Any CPU.ActiveCfg = Debug|Any CPU
		{DEA77FEC-8A00-449E-AB2E-B6AAD165AD01}.Debug|Any CPU.Build.0 = Debug|Any CPU
		{DEA77FEC-8A00-449E-AB2E-B6AAD165AD01}.Release|Any CPU.ActiveCfg = Release|Any CPU
		{DEA77FEC-8A00-449E-AB2E-B6AAD165AD01}.Release|Any CPU.Build.0 = Release|Any CPU
		{6EF7FEEF-FE60-40D9-B497-79561E7BDE60}.Debug|Any CPU.ActiveCfg = Debug|Any CPU
		{6EF7FEEF-FE60-40D9-B497-79561E7BDE60}.Debug|Any CPU.Build.0 = Debug|Any CPU
		{6EF7FEEF-FE60-40D9-B497-79561E7BDE60}.Release|Any CPU.ActiveCfg = Release|Any CPU
		{6EF7FEEF-FE60-40D9-B497-79561E7BDE60}.Release|Any CPU.Build.0 = Release|Any CPU
		{12BB210C-964F-4744-B5AB-01E8238140AF}.Debug|Any CPU.ActiveCfg = Debug|Any CPU
		{12BB210C-964F-4744-B5AB-01E8238140AF}.Debug|Any CPU.Build.0 = Debug|Any CPU
		{12BB210C-964F-4744-B5AB-01E8238140AF}.Release|Any CPU.ActiveCfg = Release|Any CPU
		{12BB210C-964F-4744-B5AB-01E8238140AF}.Release|Any CPU.Build.0 = Release|Any CPU
		{40502C77-6D82-4AC7-AF95-E12D16C775D1}.Debug|Any CPU.ActiveCfg = Debug|Any CPU
		{40502C77-6D82-4AC7-AF95-E12D16C775D1}.Debug|Any CPU.Build.0 = Debug|Any CPU
		{40502C77-6D82-4AC7-AF95-E12D16C775D1}.Release|Any CPU.ActiveCfg = Release|Any CPU
		{40502C77-6D82-4AC7-AF95-E12D16C775D1}.Release|Any CPU.Build.0 = Release|Any CPU
		{9EEF4D77-7400-429D-A3B7-C5D66FFFF71D}.Debug|Any CPU.ActiveCfg = Debug|Any CPU
		{9EEF4D77-7400-429D-A3B7-C5D66FFFF71D}.Debug|Any CPU.Build.0 = Debug|Any CPU
		{9EEF4D77-7400-429D-A3B7-C5D66FFFF71D}.Release|Any CPU.ActiveCfg = Release|Any CPU
		{9EEF4D77-7400-429D-A3B7-C5D66FFFF71D}.Release|Any CPU.Build.0 = Release|Any CPU
		{4A2FDB30-92B6-420E-B2AA-8BFAEF06044B}.Debug|Any CPU.ActiveCfg = Debug|Any CPU
		{4A2FDB30-92B6-420E-B2AA-8BFAEF06044B}.Debug|Any CPU.Build.0 = Debug|Any CPU
		{4A2FDB30-92B6-420E-B2AA-8BFAEF06044B}.Release|Any CPU.ActiveCfg = Release|Any CPU
		{4A2FDB30-92B6-420E-B2AA-8BFAEF06044B}.Release|Any CPU.Build.0 = Release|Any CPU
		{FADA3321-51CB-4F85-BB85-709B290AD9CE}.Debug|Any CPU.ActiveCfg = Debug|Any CPU
		{FADA3321-51CB-4F85-BB85-709B290AD9CE}.Debug|Any CPU.Build.0 = Debug|Any CPU
		{FADA3321-51CB-4F85-BB85-709B290AD9CE}.Release|Any CPU.ActiveCfg = Release|Any CPU
		{FADA3321-51CB-4F85-BB85-709B290AD9CE}.Release|Any CPU.Build.0 = Release|Any CPU
		{2D34544C-2DF2-4B20-A43A-6C8D2DF3DD82}.Debug|Any CPU.ActiveCfg = Debug|Any CPU
		{2D34544C-2DF2-4B20-A43A-6C8D2DF3DD82}.Debug|Any CPU.Build.0 = Debug|Any CPU
		{2D34544C-2DF2-4B20-A43A-6C8D2DF3DD82}.Release|Any CPU.ActiveCfg = Release|Any CPU
		{2D34544C-2DF2-4B20-A43A-6C8D2DF3DD82}.Release|Any CPU.Build.0 = Release|Any CPU
		{28ACA960-7CF9-4B76-8D9B-86B78BF974E6}.Debug|Any CPU.ActiveCfg = Debug|Any CPU
		{28ACA960-7CF9-4B76-8D9B-86B78BF974E6}.Debug|Any CPU.Build.0 = Debug|Any CPU
		{28ACA960-7CF9-4B76-8D9B-86B78BF974E6}.Release|Any CPU.ActiveCfg = Release|Any CPU
		{28ACA960-7CF9-4B76-8D9B-86B78BF974E6}.Release|Any CPU.Build.0 = Release|Any CPU
	EndGlobalSection
	GlobalSection(SolutionProperties) = preSolution
		HideSolutionNode = FALSE
	EndGlobalSection
	GlobalSection(ExtensibilityGlobals) = postSolution
		SolutionGuid = {4E989F28-9905-404F-8179-3CA68FBAC606}
	EndGlobalSection
EndGlobal
